
Microsoft Visual Studio Solution File, Format Version 11.00
# Visual Studio 2010
Project("{FAE04EC0-301F-11D3-BF4B-00C04F79EFBC}") = "Assembly-CSharp", "Assembly-CSharp.csproj", "{9892F49D-92C1-8A5E-B5F6-37C8D8C163AD}"
EndProject
Project("{FAE04EC0-301F-11D3-BF4B-00C04F79EFBC}") = "SteamVR", "SteamVR.csproj", "{24187914-28A6-9BBB-EB14-27487E66E081}"
EndProject
Project("{FAE04EC0-301F-11D3-BF4B-00C04F79EFBC}") = "SteamVR_Actions", "SteamVR_Actions.csproj", "{72DFEF7F-16BA-F651-04A2-A002173F2474}"
EndProject
Project("{FAE04EC0-301F-11D3-BF4B-00C04F79EFBC}") = "Assembly-CSharp-Editor", "Assembly-CSharp-Editor.csproj", "{F2F9A3FD-D843-1345-0A6C-80895D7E4915}"
EndProject
Project("{FAE04EC0-301F-11D3-BF4B-00C04F79EFBC}") = "SteamVR_Editor", "SteamVR_Editor.csproj", "{A025B07D-C823-FAA4-4AB5-45A7C49EB682}"
EndProject
Project("{FAE04EC0-301F-11D3-BF4B-00C04F79EFBC}") = "SteamVR_Input_Editor", "SteamVR_Input_Editor.csproj", "{5499685A-CED4-81B6-4F75-89968C7DB74A}"
EndProject
Project("{FAE04EC0-301F-11D3-BF4B-00C04F79EFBC}") = "SteamVR_Windows_EditorHelper", "SteamVR_Windows_EditorHelper.csproj", "{C8C77C81-5683-EE58-51DD-AF406A999D03}"
EndProject
Global
	GlobalSection(SolutionConfigurationPlatforms) = preSolution
		Debug|Any CPU = Debug|Any CPU
		Release|Any CPU = Release|Any CPU
	EndGlobalSection
	GlobalSection(ProjectConfigurationPlatforms) = postSolution
		{9892F49D-92C1-8A5E-B5F6-37C8D8C163AD}.Debug|Any CPU.ActiveCfg = Debug|Any CPU
		{9892F49D-92C1-8A5E-B5F6-37C8D8C163AD}.Debug|Any CPU.Build.0 = Debug|Any CPU
		{9892F49D-92C1-8A5E-B5F6-37C8D8C163AD}.Release|Any CPU.ActiveCfg = Release|Any CPU
		{9892F49D-92C1-8A5E-B5F6-37C8D8C163AD}.Release|Any CPU.Build.0 = Release|Any CPU
		{24187914-28A6-9BBB-EB14-27487E66E081}.Debug|Any CPU.ActiveCfg = Debug|Any CPU
		{24187914-28A6-9BBB-EB14-27487E66E081}.Debug|Any CPU.Build.0 = Debug|Any CPU
		{24187914-28A6-9BBB-EB14-27487E66E081}.Release|Any CPU.ActiveCfg = Release|Any CPU
		{24187914-28A6-9BBB-EB14-27487E66E081}.Release|Any CPU.Build.0 = Release|Any CPU
		{72DFEF7F-16BA-F651-04A2-A002173F2474}.Debug|Any CPU.ActiveCfg = Debug|Any CPU
		{72DFEF7F-16BA-F651-04A2-A002173F2474}.Debug|Any CPU.Build.0 = Debug|Any CPU
		{72DFEF7F-16BA-F651-04A2-A002173F2474}.Release|Any CPU.ActiveCfg = Release|Any CPU
		{72DFEF7F-16BA-F651-04A2-A002173F2474}.Release|Any CPU.Build.0 = Release|Any CPU
		{F2F9A3FD-D843-1345-0A6C-80895D7E4915}.Debug|Any CPU.ActiveCfg = Debug|Any CPU
		{F2F9A3FD-D843-1345-0A6C-80895D7E4915}.Debug|Any CPU.Build.0 = Debug|Any CPU
		{F2F9A3FD-D843-1345-0A6C-80895D7E4915}.Release|Any CPU.ActiveCfg = Release|Any CPU
		{F2F9A3FD-D843-1345-0A6C-80895D7E4915}.Release|Any CPU.Build.0 = Release|Any CPU
		{A025B07D-C823-FAA4-4AB5-45A7C49EB682}.Debug|Any CPU.ActiveCfg = Debug|Any CPU
		{A025B07D-C823-FAA4-4AB5-45A7C49EB682}.Debug|Any CPU.Build.0 = Debug|Any CPU
		{A025B07D-C823-FAA4-4AB5-45A7C49EB682}.Release|Any CPU.ActiveCfg = Release|Any CPU
		{A025B07D-C823-FAA4-4AB5-45A7C49EB682}.Release|Any CPU.Build.0 = Release|Any CPU
		{5499685A-CED4-81B6-4F75-89968C7DB74A}.Debug|Any CPU.ActiveCfg = Debug|Any CPU
		{5499685A-CED4-81B6-4F75-89968C7DB74A}.Debug|Any CPU.Build.0 = Debug|Any CPU
		{5499685A-CED4-81B6-4F75-89968C7DB74A}.Release|Any CPU.ActiveCfg = Release|Any CPU
		{5499685A-CED4-81B6-4F75-89968C7DB74A}.Release|Any CPU.Build.0 = Release|Any CPU
		{C8C77C81-5683-EE58-51DD-AF406A999D03}.Debug|Any CPU.ActiveCfg = Debug|Any CPU
		{C8C77C81-5683-EE58-51DD-AF406A999D03}.Debug|Any CPU.Build.0 = Debug|Any CPU
		{C8C77C81-5683-EE58-51DD-AF406A999D03}.Release|Any CPU.ActiveCfg = Release|Any CPU
		{C8C77C81-5683-EE58-51DD-AF406A999D03}.Release|Any CPU.Build.0 = Release|Any CPU
	EndGlobalSection
	GlobalSection(SolutionProperties) = preSolution
		HideSolutionNode = FALSE
	EndGlobalSection
EndGlobal
